GEM
  remote: https://rubygems.org/
  specs:
    date (3.2.2)
    mail (2.7.1)
      mini_mime (>= 0.1.1)
    marc (1.1.1)
      rexml
      scrub_rb (>= 1.0.1, < 2)
      unf
    mini_mime (1.1.2)
    nokogiri (1.13.3-x86_64-linux)
      racc (~> 1.4)
    racc (1.6.0)
    rake (13.0.6)
    rexml (3.2.5)
    scrub_rb (1.0.1)
    thor (1.2.1)
    unf (0.1.4)
      unf_ext
    unf_ext (0.0.8)

PLATFORMS
  x86_64-linux

DEPENDENCIES
  date
  mail
  marc
  nokogiri
  rake
  thor (~> 1.1)

BUNDLED WITH
   2.2.32
